
Microsoft Visual Studio Solution File, Format Version 12.00
# Visual Studio Version 16
VisualStudioVersion = 16.0.29503.13
MinimumVisualStudioVersion = 10.0.40219.1
Project("{9A19103F-16F7-4668-BE54-9A1E7A4F7556}") = "BlazorCurrencyConverter", "BlazorCurrencyConverter\BlazorCurrencyConverter.csproj", "{304E14BD-5C47-4A0D-9B87-96CA824A7999}"
EndProject
Project("{9A19103F-16F7-4668-BE54-9A1E7A4F7556}") = "CurrencyExchangeRateLib", "CurrencyExchangeRateLib\CurrencyExchangeRateLib.csproj", "{A1B4ADE0-8E06-47D4-BC04-6C9AB24988F4}"
EndProject
Project("{9A19103F-16F7-4668-BE54-9A1E7A4F7556}") = "CurrencyExchangeRateService", "CurrencyExchangeRateService\CurrencyExchangeRateService.csproj", "{684B447A-233A-4D9C-AFF2-0AB21FB1B8F8}"
EndProject
Global
	GlobalSection(SolutionConfigurationPlatforms) = preSolution
		Debug|Any CPU = Debug|Any CPU
		Release|Any CPU = Release|Any CPU
	EndGlobalSection
	GlobalSection(ProjectConfigurationPlatforms) = postSolution
		{304E14BD-5C47-4A0D-9B87-96CA824A7999}.Debug|Any CPU.ActiveCfg = Debug|Any CPU
		{304E14BD-5C47-4A0D-9B87-96CA824A7999}.Debug|Any CPU.Build.0 = Debug|Any CPU
		{304E14BD-5C47-4A0D-9B87-96CA824A7999}.Release|Any CPU.ActiveCfg = Release|Any CPU
		{304E14BD-5C47-4A0D-9B87-96CA824A7999}.Release|Any CPU.Build.0 = Release|Any CPU
		{A1B4ADE0-8E06-47D4-BC04-6C9AB24988F4}.Debug|Any CPU.ActiveCfg = Debug|Any CPU
		{A1B4ADE0-8E06-47D4-BC04-6C9AB24988F4}.Debug|Any CPU.Build.0 = Debug|Any CPU
		{A1B4ADE0-8E06-47D4-BC04-6C9AB24988F4}.Release|Any CPU.ActiveCfg = Release|Any CPU
		{A1B4ADE0-8E06-47D4-BC04-6C9AB24988F4}.Release|Any CPU.Build.0 = Release|Any CPU
		{684B447A-233A-4D9C-AFF2-0AB21FB1B8F8}.Debug|Any CPU.ActiveCfg = Debug|Any CPU
		{684B447A-233A-4D9C-AFF2-0AB21FB1B8F8}.Debug|Any CPU.Build.0 = Debug|Any CPU
		{684B447A-233A-4D9C-AFF2-0AB21FB1B8F8}.Release|Any CPU.ActiveCfg = Release|Any CPU
		{684B447A-233A-4D9C-AFF2-0AB21FB1B8F8}.Release|Any CPU.Build.0 = Release|Any CPU
	EndGlobalSection
	GlobalSection(SolutionProperties) = preSolution
		HideSolutionNode = FALSE
	EndGlobalSection
	GlobalSection(ExtensibilityGlobals) = postSolution
		SolutionGuid = {C6B6F29D-D470-4915-9269-E17DB9B083B1}
	EndGlobalSection
EndGlobal
